
Microsoft Visual Studio Solution File, Format Version 12.00
# Visual Studio Version 16
VisualStudioVersion = 16.0.31313.79
MinimumVisualStudioVersion = 10.0.40219.1
Project("{FAE04EC0-301F-11D3-BF4B-00C04F79EFBC}") = "SeleniumWalkthrough", "SeleniumWalkthrough\SeleniumWalkthrough.csproj", "{6924B283-2D26-4E69-93BE-5579F3BA5475}"
EndProject
Global
	GlobalSection(SolutionConfigurationPlatforms) = preSolution
		Debug|Any CPU = Debug|Any CPU
		Release|Any CPU = Release|Any CPU
	EndGlobalSection
	GlobalSection(ProjectConfigurationPlatforms) = postSolution
		{6924B283-2D26-4E69-93BE-5579F3BA5475}.Debug|Any CPU.ActiveCfg = Debug|Any CPU
		{6924B283-2D26-4E69-93BE-5579F3BA5475}.Debug|Any CPU.Build.0 = Debug|Any CPU
		{6924B283-2D26-4E69-93BE-5579F3BA5475}.Release|Any CPU.ActiveCfg = Release|Any CPU
		{6924B283-2D26-4E69-93BE-5579F3BA5475}.Release|Any CPU.Build.0 = Release|Any CPU
	EndGlobalSection
	GlobalSection(SolutionProperties) = preSolution
		HideSolutionNode = FALSE
	EndGlobalSection
	GlobalSection(ExtensibilityGlobals) = postSolution
		SolutionGuid = {557023EE-1B90-497E-A849-33DE4F87AA95}
	EndGlobalSection
EndGlobal
