
Microsoft Visual Studio Solution File, Format Version 12.00
# Visual Studio Version 16
VisualStudioVersion = 16.0.31205.134
MinimumVisualStudioVersion = 10.0.40219.1
Project("{FAE04EC0-301F-11D3-BF4B-00C04F79EFBC}") = "Lab_05_ArraysAndStrings", "Lab_05_ArraysAndStrings\Lab_05_ArraysAndStrings.csproj", "{6041F729-00B3-43E0-A624-401643D1EF45}"
EndProject
Global
	GlobalSection(SolutionConfigurationPlatforms) = preSolution
		Debug|Any CPU = Debug|Any CPU
		Release|Any CPU = Release|Any CPU
	EndGlobalSection
	GlobalSection(ProjectConfigurationPlatforms) = postSolution
		{6041F729-00B3-43E0-A624-401643D1EF45}.Debug|Any CPU.ActiveCfg = Debug|Any CPU
		{6041F729-00B3-43E0-A624-401643D1EF45}.Debug|Any CPU.Build.0 = Debug|Any CPU
		{6041F729-00B3-43E0-A624-401643D1EF45}.Release|Any CPU.ActiveCfg = Release|Any CPU
		{6041F729-00B3-43E0-A624-401643D1EF45}.Release|Any CPU.Build.0 = Release|Any CPU
	EndGlobalSection
	GlobalSection(SolutionProperties) = preSolution
		HideSolutionNode = FALSE
	EndGlobalSection
	GlobalSection(ExtensibilityGlobals) = postSolution
		SolutionGuid = {0CAD85C8-7C73-4FBD-857E-180B1459A6F7}
	EndGlobalSection
EndGlobal
