
Microsoft Visual Studio Solution File, Format Version 12.00
# Visual Studio Version 16
VisualStudioVersion = 16.0.31313.79
MinimumVisualStudioVersion = 10.0.40219.1
Project("{FAE04EC0-301F-11D3-BF4B-00C04F79EFBC}") = "SeleniumPOMWalkthrough", "SeleniumPOMWalkthrough\SeleniumPOMWalkthrough.csproj", "{A80EE343-99F3-44B9-816E-EC0C4BA22124}"
EndProject
Global
	GlobalSection(SolutionConfigurationPlatforms) = preSolution
		Debug|Any CPU = Debug|Any CPU
		Release|Any CPU = Release|Any CPU
	EndGlobalSection
	GlobalSection(ProjectConfigurationPlatforms) = postSolution
		{A80EE343-99F3-44B9-816E-EC0C4BA22124}.Debug|Any CPU.ActiveCfg = Debug|Any CPU
		{A80EE343-99F3-44B9-816E-EC0C4BA22124}.Debug|Any CPU.Build.0 = Debug|Any CPU
		{A80EE343-99F3-44B9-816E-EC0C4BA22124}.Release|Any CPU.ActiveCfg = Release|Any CPU
		{A80EE343-99F3-44B9-816E-EC0C4BA22124}.Release|Any CPU.Build.0 = Release|Any CPU
	EndGlobalSection
	GlobalSection(SolutionProperties) = preSolution
		HideSolutionNode = FALSE
	EndGlobalSection
	GlobalSection(ExtensibilityGlobals) = postSolution
		SolutionGuid = {145F275C-D468-4A45-9899-FDED215ADA11}
	EndGlobalSection
EndGlobal
